
Microsoft Visual Studio Solution File, Format Version 12.00
# Visual Studio Version 17
VisualStudioVersion = 17.13.35617.110
MinimumVisualStudioVersion = 10.0.40219.1
Project("{FAE04EC0-301F-11D3-BF4B-00C04F79EFBC}") = "TestFrameworks", "TestFrameworks\TestFrameworks.csproj", "{F0302AE7-D11A-4A52-A69A-6955D5EC9B1C}"
EndProject
Project("{FAE04EC0-301F-11D3-BF4B-00C04F79EFBC}") = "TestProject1", "TestProject1\TestProject1.csproj", "{945D82EB-5B13-4564-92C9-FE874AB4B4D4}"
EndProject
Project("{FAE04EC0-301F-11D3-BF4B-00C04F79EFBC}") = "TestProject2", "TestProject2\TestProject2.csproj", "{E8AA7A8F-84FE-48F8-9B09-1DEBAC9453FB}"
EndProject
Project("{FAE04EC0-301F-11D3-BF4B-00C04F79EFBC}") = "MsTestProject", "MsTestProject\MsTestProject.csproj", "{0F3C7311-8A16-42DB-9F22-3CD414CA8D5D}"
EndProject
Project("{FAE04EC0-301F-11D3-BF4B-00C04F79EFBC}") = "LoginApp", "LoginApp\LoginApp.csproj", "{BC679D15-EB97-48F3-A15F-346D63162906}"
EndProject
Project("{FAE04EC0-301F-11D3-BF4B-00C04F79EFBC}") = "LoginApp.Tests", "TestProject3\LoginApp.Tests.csproj", "{8772E950-B178-4706-B898-D5EF6B8AE0D6}"
EndProject
Project("{FAE04EC0-301F-11D3-BF4B-00C04F79EFBC}") = "LoginApp.Integration", "LoginApp.Integration\LoginApp.Integration.csproj", "{B1961F6B-720D-439F-A8EA-61B2B788E9DA}"
EndProject
Project("{FAE04EC0-301F-11D3-BF4B-00C04F79EFBC}") = "CRM", "CRM\CRM.csproj", "{1CBE5C19-A6E6-4798-A722-DA4B2BD172C7}"
EndProject
Project("{FAE04EC0-301F-11D3-BF4B-00C04F79EFBC}") = "CRM.Backend", "CRM.Backend\CRM.Backend.csproj", "{ABE29423-43CB-45D4-B3C0-E1CB38179663}"
EndProject
Project("{FAE04EC0-301F-11D3-BF4B-00C04F79EFBC}") = "CRM.Common", "CRM.Common\CRM.Common.csproj", "{AE11C3C9-1D3B-4BB0-8D76-6D8B0E5643DF}"
EndProject
Project("{FAE04EC0-301F-11D3-BF4B-00C04F79EFBC}") = "Crm.Backend.Test", "Crm.Backend.Test\Crm.Backend.Test.csproj", "{26BAA6B1-2C46-4E3B-B5AA-F74D3B25F3A9}"
EndProject
Project("{FAE04EC0-301F-11D3-BF4B-00C04F79EFBC}") = "CRM.Tests", "CRM.Tests\CRM.Tests.csproj", "{25FDB762-BD02-4863-8C22-2994801E3883}"
EndProject
Global
	GlobalSection(SolutionConfigurationPlatforms) = preSolution
		Debug|Any CPU = Debug|Any CPU
		Release|Any CPU = Release|Any CPU
	EndGlobalSection
	GlobalSection(ProjectConfigurationPlatforms) = postSolution
		{F0302AE7-D11A-4A52-A69A-6955D5EC9B1C}.Debug|Any CPU.ActiveCfg = Debug|Any CPU
		{F0302AE7-D11A-4A52-A69A-6955D5EC9B1C}.Debug|Any CPU.Build.0 = Debug|Any CPU
		{F0302AE7-D11A-4A52-A69A-6955D5EC9B1C}.Release|Any CPU.ActiveCfg = Release|Any CPU
		{F0302AE7-D11A-4A52-A69A-6955D5EC9B1C}.Release|Any CPU.Build.0 = Release|Any CPU
		{945D82EB-5B13-4564-92C9-FE874AB4B4D4}.Debug|Any CPU.ActiveCfg = Debug|Any CPU
		{945D82EB-5B13-4564-92C9-FE874AB4B4D4}.Debug|Any CPU.Build.0 = Debug|Any CPU
		{945D82EB-5B13-4564-92C9-FE874AB4B4D4}.Release|Any CPU.ActiveCfg = Release|Any CPU
		{945D82EB-5B13-4564-92C9-FE874AB4B4D4}.Release|Any CPU.Build.0 = Release|Any CPU
		{E8AA7A8F-84FE-48F8-9B09-1DEBAC9453FB}.Debug|Any CPU.ActiveCfg = Debug|Any CPU
		{E8AA7A8F-84FE-48F8-9B09-1DEBAC9453FB}.Debug|Any CPU.Build.0 = Debug|Any CPU
		{E8AA7A8F-84FE-48F8-9B09-1DEBAC9453FB}.Release|Any CPU.ActiveCfg = Release|Any CPU
		{E8AA7A8F-84FE-48F8-9B09-1DEBAC9453FB}.Release|Any CPU.Build.0 = Release|Any CPU
		{0F3C7311-8A16-42DB-9F22-3CD414CA8D5D}.Debug|Any CPU.ActiveCfg = Debug|Any CPU
		{0F3C7311-8A16-42DB-9F22-3CD414CA8D5D}.Debug|Any CPU.Build.0 = Debug|Any CPU
		{0F3C7311-8A16-42DB-9F22-3CD414CA8D5D}.Release|Any CPU.ActiveCfg = Release|Any CPU
		{0F3C7311-8A16-42DB-9F22-3CD414CA8D5D}.Release|Any CPU.Build.0 = Release|Any CPU
		{BC679D15-EB97-48F3-A15F-346D63162906}.Debug|Any CPU.ActiveCfg = Debug|Any CPU
		{BC679D15-EB97-48F3-A15F-346D63162906}.Debug|Any CPU.Build.0 = Debug|Any CPU
		{BC679D15-EB97-48F3-A15F-346D63162906}.Release|Any CPU.ActiveCfg = Release|Any CPU
		{BC679D15-EB97-48F3-A15F-346D63162906}.Release|Any CPU.Build.0 = Release|Any CPU
		{8772E950-B178-4706-B898-D5EF6B8AE0D6}.Debug|Any CPU.ActiveCfg = Debug|Any CPU
		{8772E950-B178-4706-B898-D5EF6B8AE0D6}.Debug|Any CPU.Build.0 = Debug|Any CPU
		{8772E950-B178-4706-B898-D5EF6B8AE0D6}.Release|Any CPU.ActiveCfg = Release|Any CPU
		{8772E950-B178-4706-B898-D5EF6B8AE0D6}.Release|Any CPU.Build.0 = Release|Any CPU
		{B1961F6B-720D-439F-A8EA-61B2B788E9DA}.Debug|Any CPU.ActiveCfg = Debug|Any CPU
		{B1961F6B-720D-439F-A8EA-61B2B788E9DA}.Debug|Any CPU.Build.0 = Debug|Any CPU
		{B1961F6B-720D-439F-A8EA-61B2B788E9DA}.Release|Any CPU.ActiveCfg = Release|Any CPU
		{B1961F6B-720D-439F-A8EA-61B2B788E9DA}.Release|Any CPU.Build.0 = Release|Any CPU
		{1CBE5C19-A6E6-4798-A722-DA4B2BD172C7}.Debug|Any CPU.ActiveCfg = Debug|Any CPU
		{1CBE5C19-A6E6-4798-A722-DA4B2BD172C7}.Debug|Any CPU.Build.0 = Debug|Any CPU
		{1CBE5C19-A6E6-4798-A722-DA4B2BD172C7}.Release|Any CPU.ActiveCfg = Release|Any CPU
		{1CBE5C19-A6E6-4798-A722-DA4B2BD172C7}.Release|Any CPU.Build.0 = Release|Any CPU
		{ABE29423-43CB-45D4-B3C0-E1CB38179663}.Debug|Any CPU.ActiveCfg = Debug|Any CPU
		{ABE29423-43CB-45D4-B3C0-E1CB38179663}.Debug|Any CPU.Build.0 = Debug|Any CPU
		{ABE29423-43CB-45D4-B3C0-E1CB38179663}.Release|Any CPU.ActiveCfg = Release|Any CPU
		{ABE29423-43CB-45D4-B3C0-E1CB38179663}.Release|Any CPU.Build.0 = Release|Any CPU
		{AE11C3C9-1D3B-4BB0-8D76-6D8B0E5643DF}.Debug|Any CPU.ActiveCfg = Debug|Any CPU
		{AE11C3C9-1D3B-4BB0-8D76-6D8B0E5643DF}.Debug|Any CPU.Build.0 = Debug|Any CPU
		{AE11C3C9-1D3B-4BB0-8D76-6D8B0E5643DF}.Release|Any CPU.ActiveCfg = Release|Any CPU
		{AE11C3C9-1D3B-4BB0-8D76-6D8B0E5643DF}.Release|Any CPU.Build.0 = Release|Any CPU
		{26BAA6B1-2C46-4E3B-B5AA-F74D3B25F3A9}.Debug|Any CPU.ActiveCfg = Debug|Any CPU
		{26BAA6B1-2C46-4E3B-B5AA-F74D3B25F3A9}.Debug|Any CPU.Build.0 = Debug|Any CPU
		{26BAA6B1-2C46-4E3B-B5AA-F74D3B25F3A9}.Release|Any CPU.ActiveCfg = Release|Any CPU
		{26BAA6B1-2C46-4E3B-B5AA-F74D3B25F3A9}.Release|Any CPU.Build.0 = Release|Any CPU
		{25FDB762-BD02-4863-8C22-2994801E3883}.Debug|Any CPU.ActiveCfg = Debug|Any CPU
		{25FDB762-BD02-4863-8C22-2994801E3883}.Debug|Any CPU.Build.0 = Debug|Any CPU
		{25FDB762-BD02-4863-8C22-2994801E3883}.Release|Any CPU.ActiveCfg = Release|Any CPU
		{25FDB762-BD02-4863-8C22-2994801E3883}.Release|Any CPU.Build.0 = Release|Any CPU
	EndGlobalSection
	GlobalSection(SolutionProperties) = preSolution
		HideSolutionNode = FALSE
	EndGlobalSection
	GlobalSection(ExtensibilityGlobals) = postSolution
		SolutionGuid = {ED90EF0D-AF68-4F42-B88F-FDEB293403D8}
	EndGlobalSection
EndGlobal
